// !$*UTF8*$!
{
	archiveVersion = 1;
	classes = {
	};
	objectVersion = 52;
	objects = {

/* Begin PBXBuildFile section */
		D13D0D832444CC630035A0B2 /* AppDelegate.swift in Sources */ = {isa = PBXBuildFile; fileRef = D13D0D822444CC630035A0B2 /* AppDelegate.swift */; };
		D13D0D852444CC630035A0B2 /* SceneDelegate.swift in Sources */ = {isa = PBXBuildFile; fileRef = D13D0D842444CC630035A0B2 /* SceneDelegate.swift */; };
		D13D0D872444CC630035A0B2 /* ContentView.swift in Sources */ = {isa = PBXBuildFile; fileRef = D13D0D862444CC630035A0B2 /* ContentView.swift */; };
		D13D0D892444CC640035A0B2 /* Assets.xcassets in Resources */ = {isa = PBXBuildFile; fileRef = D13D0D882444CC640035A0B2 /* Assets.xcassets */; };
		D13D0D8C2444CC640035A0B2 /* Preview Assets.xcassets in Resources */ = {isa = PBXBuildFile; fileRef = D13D0D8B2444CC640035A0B2 /* Preview Assets.xcassets */; };
		D13D0D8F2444CC640035A0B2 /* LaunchScreen.storyboard in Resources */ = {isa = PBXBuildFile; fileRef = D13D0D8D2444CC640035A0B2 /* LaunchScreen.storyboard */; };
		D13D0D9A2444CC640035A0B2 /* WePartyTests.swift in Sources */ = {isa = PBXBuildFile; fileRef = D13D0D992444CC640035A0B2 /* WePartyTests.swift */; };
		D13D0DA52444CC640035A0B2 /* WePartyUITests.swift in Sources */ = {isa = PBXBuildFile; fileRef = D13D0DA42444CC640035A0B2 /* WePartyUITests.swift */; };
		D13D0DB32444CC970035A0B2 /* LoadingScreen.swift in Sources */ = {isa = PBXBuildFile; fileRef = D13D0DB22444CC970035A0B2 /* LoadingScreen.swift */; };
		D13D0DB42444CC970035A0B2 /* LoadingScreen.swift in Sources */ = {isa = PBXBuildFile; fileRef = D13D0DB22444CC970035A0B2 /* LoadingScreen.swift */; };
		D13D0DB52444CC970035A0B2 /* LoadingScreen.swift in Sources */ = {isa = PBXBuildFile; fileRef = D13D0DB22444CC970035A0B2 /* LoadingScreen.swift */; };
		D13D0DB72444CCA40035A0B2 /* ContentView.swift in Sources */ = {isa = PBXBuildFile; fileRef = D13D0D862444CC630035A0B2 /* ContentView.swift */; };
		D13D0DB82444CCA40035A0B2 /* ContentView.swift in Sources */ = {isa = PBXBuildFile; fileRef = D13D0D862444CC630035A0B2 /* ContentView.swift */; };
		D13D0DBA2444CD0F0035A0B2 /* ConnectionView.swift in Sources */ = {isa = PBXBuildFile; fileRef = D13D0DB92444CD0F0035A0B2 /* ConnectionView.swift */; };
		D13D0DBB2444CD0F0035A0B2 /* ConnectionView.swift in Sources */ = {isa = PBXBuildFile; fileRef = D13D0DB92444CD0F0035A0B2 /* ConnectionView.swift */; };
		D13D0DBC2444CD0F0035A0B2 /* ConnectionView.swift in Sources */ = {isa = PBXBuildFile; fileRef = D13D0DB92444CD0F0035A0B2 /* ConnectionView.swift */; };
		D13D0DBF2444CED80035A0B2 /* WePartyState.swift in Sources */ = {isa = PBXBuildFile; fileRef = D13D0DBE2444CED80035A0B2 /* WePartyState.swift */; };
		D13D0DC02444CED80035A0B2 /* WePartyState.swift in Sources */ = {isa = PBXBuildFile; fileRef = D13D0DBE2444CED80035A0B2 /* WePartyState.swift */; };
		D13D0DC12444CED80035A0B2 /* WePartyState.swift in Sources */ = {isa = PBXBuildFile; fileRef = D13D0DBE2444CED80035A0B2 /* WePartyState.swift */; };
		D13D0DC32444D9640035A0B2 /* WePartyModel.swift in Sources */ = {isa = PBXBuildFile; fileRef = D13D0DC22444D9640035A0B2 /* WePartyModel.swift */; };
		D13D0DC42444D9640035A0B2 /* WePartyModel.swift in Sources */ = {isa = PBXBuildFile; fileRef = D13D0DC22444D9640035A0B2 /* WePartyModel.swift */; };
		D13D0DC52444D9640035A0B2 /* WePartyModel.swift in Sources */ = {isa = PBXBuildFile; fileRef = D13D0DC22444D9640035A0B2 /* WePartyModel.swift */; };
		D13D0DCA2444DD890035A0B2 /* MCHost.swift in Sources */ = {isa = PBXBuildFile; fileRef = D13D0DC72444DD890035A0B2 /* MCHost.swift */; };
		D13D0DCB2444DD890035A0B2 /* MCHost.swift in Sources */ = {isa = PBXBuildFile; fileRef = D13D0DC72444DD890035A0B2 /* MCHost.swift */; };
		D13D0DCC2444DD890035A0B2 /* MCHost.swift in Sources */ = {isa = PBXBuildFile; fileRef = D13D0DC72444DD890035A0B2 /* MCHost.swift */; };
		D13D0DCD2444DD890035A0B2 /* MCConnection.swift in Sources */ = {isa = PBXBuildFile; fileRef = D13D0DC82444DD890035A0B2 /* MCConnection.swift */; };
		D13D0DCE2444DD890035A0B2 /* MCConnection.swift in Sources */ = {isa = PBXBuildFile; fileRef = D13D0DC82444DD890035A0B2 /* MCConnection.swift */; };
		D13D0DCF2444DD890035A0B2 /* MCConnection.swift in Sources */ = {isa = PBXBuildFile; fileRef = D13D0DC82444DD890035A0B2 /* MCConnection.swift */; };
		D13D0DD02444DD890035A0B2 /* MCClient.swift in Sources */ = {isa = PBXBuildFile; fileRef = D13D0DC92444DD890035A0B2 /* MCClient.swift */; };
		D13D0DD12444DD890035A0B2 /* MCClient.swift in Sources */ = {isa = PBXBuildFile; fileRef = D13D0DC92444DD890035A0B2 /* MCClient.swift */; };
		D13D0DD22444DD890035A0B2 /* MCClient.swift in Sources */ = {isa = PBXBuildFile; fileRef = D13D0DC92444DD890035A0B2 /* MCClient.swift */; };
		D13D0DD42444DE7D0035A0B2 /* WePartyConnection.swift in Sources */ = {isa = PBXBuildFile; fileRef = D13D0DD32444DE7D0035A0B2 /* WePartyConnection.swift */; };
		D13D0DD52444DE7D0035A0B2 /* WePartyConnection.swift in Sources */ = {isa = PBXBuildFile; fileRef = D13D0DD32444DE7D0035A0B2 /* WePartyConnection.swift */; };
		D13D0DD62444DE7D0035A0B2 /* WePartyConnection.swift in Sources */ = {isa = PBXBuildFile; fileRef = D13D0DD32444DE7D0035A0B2 /* WePartyConnection.swift */; };
		D13D0DD82444FEE10035A0B2 /* Song.swift in Sources */ = {isa = PBXBuildFile; fileRef = D13D0DD72444FEE10035A0B2 /* Song.swift */; };
		D13D0DD92444FEE10035A0B2 /* Song.swift in Sources */ = {isa = PBXBuildFile; fileRef = D13D0DD72444FEE10035A0B2 /* Song.swift */; };
		D13D0DDA2444FEE10035A0B2 /* Song.swift in Sources */ = {isa = PBXBuildFile; fileRef = D13D0DD72444FEE10035A0B2 /* Song.swift */; };
		D13D0DE124450CC00035A0B2 /* InputSongView.swift in Sources */ = {isa = PBXBuildFile; fileRef = D13D0DDE24450CC00035A0B2 /* InputSongView.swift */; };
		D13D0DE224450CC00035A0B2 /* InputSongView.swift in Sources */ = {isa = PBXBuildFile; fileRef = D13D0DDE24450CC00035A0B2 /* InputSongView.swift */; };
		D13D0DE324450CC00035A0B2 /* InputSongView.swift in Sources */ = {isa = PBXBuildFile; fileRef = D13D0DDE24450CC00035A0B2 /* InputSongView.swift */; };
		D13D0DE424450CC00035A0B2 /* SelectMusikView.swift in Sources */ = {isa = PBXBuildFile; fileRef = D13D0DDF24450CC00035A0B2 /* SelectMusikView.swift */; };
		D13D0DE524450CC00035A0B2 /* SelectMusikView.swift in Sources */ = {isa = PBXBuildFile; fileRef = D13D0DDF24450CC00035A0B2 /* SelectMusikView.swift */; };
		D13D0DE624450CC00035A0B2 /* SelectMusikView.swift in Sources */ = {isa = PBXBuildFile; fileRef = D13D0DDF24450CC00035A0B2 /* SelectMusikView.swift */; };
		D13D0DE724450CC00035A0B2 /* SendingView.swift in Sources */ = {isa = PBXBuildFile; fileRef = D13D0DE024450CC00035A0B2 /* SendingView.swift */; };
		D13D0DE824450CC00035A0B2 /* SendingView.swift in Sources */ = {isa = PBXBuildFile; fileRef = D13D0DE024450CC00035A0B2 /* SendingView.swift */; };
		D13D0DE924450CC00035A0B2 /* SendingView.swift in Sources */ = {isa = PBXBuildFile; fileRef = D13D0DE024450CC00035A0B2 /* SendingView.swift */; };
		D13D0DF024450E380035A0B2 /* MusicControl.swift in Sources */ = {isa = PBXBuildFile; fileRef = D13D0DEB24450E380035A0B2 /* MusicControl.swift */; };
		D13D0DF124450E380035A0B2 /* MusicControl.swift in Sources */ = {isa = PBXBuildFile; fileRef = D13D0DEB24450E380035A0B2 /* MusicControl.swift */; };
		D13D0DF224450E380035A0B2 /* MusicControl.swift in Sources */ = {isa = PBXBuildFile; fileRef = D13D0DEB24450E380035A0B2 /* MusicControl.swift */; };
		D13D0DF324450E380035A0B2 /* SongImageView.swift in Sources */ = {isa = PBXBuildFile; fileRef = D13D0DEC24450E380035A0B2 /* SongImageView.swift */; };
		D13D0DF424450E380035A0B2 /* SongImageView.swift in Sources */ = {isa = PBXBuildFile; fileRef = D13D0DEC24450E380035A0B2 /* SongImageView.swift */; };
		D13D0DF524450E380035A0B2 /* SongImageView.swift in Sources */ = {isa = PBXBuildFile; fileRef = D13D0DEC24450E380035A0B2 /* SongImageView.swift */; };
		D13D0DF624450E380035A0B2 /* DraggableSmallRepresentationView.swift in Sources */ = {isa = PBXBuildFile; fileRef = D13D0DED24450E380035A0B2 /* DraggableSmallRepresentationView.swift */; };
		D13D0DF724450E380035A0B2 /* DraggableSmallRepresentationView.swift in Sources */ = {isa = PBXBuildFile; fileRef = D13D0DED24450E380035A0B2 /* DraggableSmallRepresentationView.swift */; };
		D13D0DF824450E380035A0B2 /* DraggableSmallRepresentationView.swift in Sources */ = {isa = PBXBuildFile; fileRef = D13D0DED24450E380035A0B2 /* DraggableSmallRepresentationView.swift */; };
		D13D0DF924450E380035A0B2 /* MusikSlider.swift in Sources */ = {isa = PBXBuildFile; fileRef = D13D0DEE24450E380035A0B2 /* MusikSlider.swift */; };
		D13D0DFA24450E380035A0B2 /* MusikSlider.swift in Sources */ = {isa = PBXBuildFile; fileRef = D13D0DEE24450E380035A0B2 /* MusikSlider.swift */; };
		D13D0DFB24450E380035A0B2 /* MusikSlider.swift in Sources */ = {isa = PBXBuildFile; fileRef = D13D0DEE24450E380035A0B2 /* MusikSlider.swift */; };
		D13D0DFC24450E380035A0B2 /* NowPlayingView.swift in Sources */ = {isa = PBXBuildFile; fileRef = D13D0DEF24450E380035A0B2 /* NowPlayingView.swift */; };
		D13D0DFD24450E380035A0B2 /* NowPlayingView.swift in Sources */ = {isa = PBXBuildFile; fileRef = D13D0DEF24450E380035A0B2 /* NowPlayingView.swift */; };
		D13D0DFE24450E380035A0B2 /* NowPlayingView.swift in Sources */ = {isa = PBXBuildFile; fileRef = D13D0DEF24450E380035A0B2 /* NowPlayingView.swift */; };
		D13D0E00244513D70035A0B2 /* QueueView.swift in Sources */ = {isa = PBXBuildFile; fileRef = D13D0DFF244513D70035A0B2 /* QueueView.swift */; };
		D13D0E01244513D70035A0B2 /* QueueView.swift in Sources */ = {isa = PBXBuildFile; fileRef = D13D0DFF244513D70035A0B2 /* QueueView.swift */; };
		D13D0E02244513D70035A0B2 /* QueueView.swift in Sources */ = {isa = PBXBuildFile; fileRef = D13D0DFF244513D70035A0B2 /* QueueView.swift */; };
		D13D0E04244518440035A0B2 /* MusicPlayer.swift in Sources */ = {isa = PBXBuildFile; fileRef = D13D0E03244518440035A0B2 /* MusicPlayer.swift */; };
		D13D0E0824451F2A0035A0B2 /* AppleMusicLibrary.swift in Sources */ = {isa = PBXBuildFile; fileRef = D13D0E0624451F2A0035A0B2 /* AppleMusicLibrary.swift */; };
		D13D0E0924451F2A0035A0B2 /* AppleMusicLibrary.swift in Sources */ = {isa = PBXBuildFile; fileRef = D13D0E0624451F2A0035A0B2 /* AppleMusicLibrary.swift */; };
		D13D0E0A24451F2A0035A0B2 /* AppleMusicLibrary.swift in Sources */ = {isa = PBXBuildFile; fileRef = D13D0E0624451F2A0035A0B2 /* AppleMusicLibrary.swift */; };
		D13D0E0B24451F2A0035A0B2 /* MusicFinder.swift in Sources */ = {isa = PBXBuildFile; fileRef = D13D0E0724451F2A0035A0B2 /* MusicFinder.swift */; };
		D13D0E0C24451F2A0035A0B2 /* MusicFinder.swift in Sources */ = {isa = PBXBuildFile; fileRef = D13D0E0724451F2A0035A0B2 /* MusicFinder.swift */; };
		D13D0E0D24451F2A0035A0B2 /* MusicFinder.swift in Sources */ = {isa = PBXBuildFile; fileRef = D13D0E0724451F2A0035A0B2 /* MusicFinder.swift */; };
		D13D0E1024451F970035A0B2 /* SwiftJWT in Frameworks */ = {isa = PBXBuildFile; productRef = D13D0E0F24451F970035A0B2 /* SwiftJWT */; };
		D13D0E12244520390035A0B2 /* AuthKey_QH8XRCS4JS.p8 in Resources */ = {isa = PBXBuildFile; fileRef = D13D0E11244520390035A0B2 /* AuthKey_QH8XRCS4JS.p8 */; };
		D13D0E142445BB170035A0B2 /* AskingView.swift in Sources */ = {isa = PBXBuildFile; fileRef = D13D0E132445BB170035A0B2 /* AskingView.swift */; };
		D14B1D71245201E600D90EAA /* HelpView.swift in Sources */ = {isa = PBXBuildFile; fileRef = D14B1D70245201E600D90EAA /* HelpView.swift */; };
		D14B1D742452BC3B00D90EAA /* MPVolumeViewRepresentable.swift in Sources */ = {isa = PBXBuildFile; fileRef = D14B1D732452BC3B00D90EAA /* MPVolumeViewRepresentable.swift */; };
		D14B1D772454948100D90EAA /* AskingViewHelp.swift in Sources */ = {isa = PBXBuildFile; fileRef = D14B1D762454948100D90EAA /* AskingViewHelp.swift */; };
		D14B1D792454949D00D90EAA /* ConnectionViewHelp.swift in Sources */ = {isa = PBXBuildFile; fileRef = D14B1D782454949D00D90EAA /* ConnectionViewHelp.swift */; };
		D14B1D7B2454B50100D90EAA /* ConnectingView.swift in Sources */ = {isa = PBXBuildFile; fileRef = D14B1D7A2454B50100D90EAA /* ConnectingView.swift */; };
		D1909060244B06F600C57B0B /* TableView.swift in Sources */ = {isa = PBXBuildFile; fileRef = D190905F244B06F600C57B0B /* TableView.swift */; };
		D1909062244B0F8300C57B0B /* SearchForSongView.swift in Sources */ = {isa = PBXBuildFile; fileRef = D1909061244B0F8300C57B0B /* SearchForSongView.swift */; };
		D1909064244B10F800C57B0B /* SearchBar.swift in Sources */ = {isa = PBXBuildFile; fileRef = D1909063244B10F800C57B0B /* SearchBar.swift */; };
		D1909068244B8B2800C57B0B /* AppSettings.swift in Sources */ = {isa = PBXBuildFile; fileRef = D1909067244B8B2800C57B0B /* AppSettings.swift */; };
		D190906B244B99FC00C57B0B /* Settings.swift in Sources */ = {isa = PBXBuildFile; fileRef = D190906A244B99FC00C57B0B /* Settings.swift */; };
		D1A8ED282455A9AD00FF3E77 /* NameInputView.swift in Sources */ = {isa = PBXBuildFile; fileRef = D1A8ED272455A9AD00FF3E77 /* NameInputView.swift */; };
		D1C251372455CBD7008F31D4 /* StartUpView.swift in Sources */ = {isa = PBXBuildFile; fileRef = D1C251362455CBD7008F31D4 /* StartUpView.swift */; };
		D1C251392455E150008F31D4 /* IntroductionView.swift in Sources */ = {isa = PBXBuildFile; fileRef = D1C251382455E150008F31D4 /* IntroductionView.swift */; };
		D1C2513B2455E4FF008F31D4 /* ExplainationView.swift in Sources */ = {isa = PBXBuildFile; fileRef = D1C2513A2455E4FF008F31D4 /* ExplainationView.swift */; };
		D1C2513E2456F9E7008F31D4 /* RecievedSongsView.swift in Sources */ = {isa = PBXBuildFile; fileRef = D1C2513D2456F9E7008F31D4 /* RecievedSongsView.swift */; };
		D1C251402456FA5C008F31D4 /* RecievedSongSheet.swift in Sources */ = {isa = PBXBuildFile; fileRef = D1C2513F2456FA5C008F31D4 /* RecievedSongSheet.swift */; };
		D1ED4A5A244F040B0090C7E8 /* Localizable.strings in Resources */ = {isa = PBXBuildFile; fileRef = D1ED4A5C244F040B0090C7E8 /* Localizable.strings */; };
/* End PBXBuildFile section */

/* Begin PBXContainerItemProxy section */
		D13D0D962444CC640035A0B2 /* PBXContainerItemProxy */ = {
			isa = PBXContainerItemProxy;
			containerPortal = D13D0D772444CC630035A0B2 /* Project object */;
			proxyType = 1;
			remoteGlobalIDString = D13D0D7E2444CC630035A0B2;
			remoteInfo = WeParty;
		};
		D13D0DA12444CC640035A0B2 /* PBXContainerItemProxy */ = {
			isa = PBXContainerItemProxy;
			containerPortal = D13D0D772444CC630035A0B2 /* Project object */;
			proxyType = 1;
			remoteGlobalIDString = D13D0D7E2444CC630035A0B2;
			remoteInfo = WeParty;
		};
/* End PBXContainerItemProxy section */

/* Begin PBXFileReference section */
		D13D0D7F2444CC630035A0B2 /* WeParty.app */ = {isa = PBXFileReference; explicitFileType = wrapper.application; includeInIndex = 0; path = WeParty.app; sourceTree = BUILT_PRODUCTS_DIR; };
		D13D0D822444CC630035A0B2 /* AppDelegate.swift */ = {isa = PBXFileReference; lastKnownFileType = sourcecode.swift; path = AppDelegate.swift; sourceTree = "<group>"; };
		D13D0D842444CC630035A0B2 /* SceneDelegate.swift */ = {isa = PBXFileReference; lastKnownFileType = sourcecode.swift; path = SceneDelegate.swift; sourceTree = "<group>"; };
		D13D0D862444CC630035A0B2 /* ContentView.swift */ = {isa = PBXFileReference; lastKnownFileType = sourcecode.swift; path = ContentView.swift; sourceTree = "<group>"; };
		D13D0D882444CC640035A0B2 /* Assets.xcassets */ = {isa = PBXFileReference; lastKnownFileType = folder.assetcatalog; path = Assets.xcassets; sourceTree = "<group>"; };
		D13D0D8B2444CC640035A0B2 /* Preview Assets.xcassets */ = {isa = PBXFileReference; lastKnownFileType = folder.assetcatalog; path = "Preview Assets.xcassets"; sourceTree = "<group>"; };
		D13D0D8E2444CC640035A0B2 /* Base */ = {isa = PBXFileReference; lastKnownFileType = file.storyboard; name = Base; path = Base.lproj/LaunchScreen.storyboard; sourceTree = "<group>"; };
		D13D0D902444CC640035A0B2 /* Info.plist */ = {isa = PBXFileReference; lastKnownFileType = text.plist.xml; path = Info.plist; sourceTree = "<group>"; };
		D13D0D952444CC640035A0B2 /* WePartyTests.xctest */ = {isa = PBXFileReference; explicitFileType = wrapper.cfbundle; includeInIndex = 0; path = WePartyTests.xctest; sourceTree = BUILT_PRODUCTS_DIR; };
		D13D0D992444CC640035A0B2 /* WePartyTests.swift */ = {isa = PBXFileReference; lastKnownFileType = sourcecode.swift; path = WePartyTests.swift; sourceTree = "<group>"; };
		D13D0D9B2444CC640035A0B2 /* Info.plist */ = {isa = PBXFileReference; lastKnownFileType = text.plist.xml; path = Info.plist; sourceTree = "<group>"; };
		D13D0DA02444CC640035A0B2 /* WePartyUITests.xctest */ = {isa = PBXFileReference; explicitFileType = wrapper.cfbundle; includeInIndex = 0; path = WePartyUITests.xctest; sourceTree = BUILT_PRODUCTS_DIR; };
		D13D0DA42444CC640035A0B2 /* WePartyUITests.swift */ = {isa = PBXFileReference; lastKnownFileType = sourcecode.swift; path = WePartyUITests.swift; sourceTree = "<group>"; };
		D13D0DA62444CC640035A0B2 /* Info.plist */ = {isa = PBXFileReference; lastKnownFileType = text.plist.xml; path = Info.plist; sourceTree = "<group>"; };
		D13D0DB22444CC970035A0B2 /* LoadingScreen.swift */ = {isa = PBXFileReference; fileEncoding = 4; lastKnownFileType = sourcecode.swift; path = LoadingScreen.swift; sourceTree = "<group>"; };
		D13D0DB92444CD0F0035A0B2 /* ConnectionView.swift */ = {isa = PBXFileReference; lastKnownFileType = sourcecode.swift; path = ConnectionView.swift; sourceTree = "<group>"; };
		D13D0DBE2444CED80035A0B2 /* WePartyState.swift */ = {isa = PBXFileReference; lastKnownFileType = sourcecode.swift; path = WePartyState.swift; sourceTree = "<group>"; };
		D13D0DC22444D9640035A0B2 /* WePartyModel.swift */ = {isa = PBXFileReference; lastKnownFileType = sourcecode.swift; path = WePartyModel.swift; sourceTree = "<group>"; };
		D13D0DC72444DD890035A0B2 /* MCHost.swift */ = {isa = PBXFileReference; fileEncoding = 4; lastKnownFileType = sourcecode.swift; path = MCHost.swift; sourceTree = "<group>"; };
		D13D0DC82444DD890035A0B2 /* MCConnection.swift */ = {isa = PBXFileReference; fileEncoding = 4; lastKnownFileType = sourcecode.swift; path = MCConnection.swift; sourceTree = "<group>"; };
		D13D0DC92444DD890035A0B2 /* MCClient.swift */ = {isa = PBXFileReference; fileEncoding = 4; lastKnownFileType = sourcecode.swift; path = MCClient.swift; sourceTree = "<group>"; };
		D13D0DD32444DE7D0035A0B2 /* WePartyConnection.swift */ = {isa = PBXFileReference; lastKnownFileType = sourcecode.swift; path = WePartyConnection.swift; sourceTree = "<group>"; };
		D13D0DD72444FEE10035A0B2 /* Song.swift */ = {isa = PBXFileReference; lastKnownFileType = sourcecode.swift; path = Song.swift; sourceTree = "<group>"; };
		D13D0DDE24450CC00035A0B2 /* InputSongView.swift */ = {isa = PBXFileReference; fileEncoding = 4; lastKnownFileType = sourcecode.swift; path = InputSongView.swift; sourceTree = "<group>"; };
		D13D0DDF24450CC00035A0B2 /* SelectMusikView.swift */ = {isa = PBXFileReference; fileEncoding = 4; lastKnownFileType = sourcecode.swift; path = SelectMusikView.swift; sourceTree = "<group>"; };
		D13D0DE024450CC00035A0B2 /* SendingView.swift */ = {isa = PBXFileReference; fileEncoding = 4; lastKnownFileType = sourcecode.swift; path = SendingView.swift; sourceTree = "<group>"; };
		D13D0DEB24450E380035A0B2 /* MusicControl.swift */ = {isa = PBXFileReference; fileEncoding = 4; lastKnownFileType = sourcecode.swift; path = MusicControl.swift; sourceTree = "<group>"; };
		D13D0DEC24450E380035A0B2 /* SongImageView.swift */ = {isa = PBXFileReference; fileEncoding = 4; lastKnownFileType = sourcecode.swift; path = SongImageView.swift; sourceTree = "<group>"; };
		D13D0DED24450E380035A0B2 /* DraggableSmallRepresentationView.swift */ = {isa = PBXFileReference; fileEncoding = 4; lastKnownFileType = sourcecode.swift; path = DraggableSmallRepresentationView.swift; sourceTree = "<group>"; };
		D13D0DEE24450E380035A0B2 /* MusikSlider.swift */ = {isa = PBXFileReference; fileEncoding = 4; lastKnownFileType = sourcecode.swift; path = MusikSlider.swift; sourceTree = "<group>"; };
		D13D0DEF24450E380035A0B2 /* NowPlayingView.swift */ = {isa = PBXFileReference; fileEncoding = 4; lastKnownFileType = sourcecode.swift; path = NowPlayingView.swift; sourceTree = "<group>"; };
		D13D0DFF244513D70035A0B2 /* QueueView.swift */ = {isa = PBXFileReference; lastKnownFileType = sourcecode.swift; path = QueueView.swift; sourceTree = "<group>"; };
		D13D0E03244518440035A0B2 /* MusicPlayer.swift */ = {isa = PBXFileReference; lastKnownFileType = sourcecode.swift; path = MusicPlayer.swift; sourceTree = "<group>"; };
		D13D0E0624451F2A0035A0B2 /* AppleMusicLibrary.swift */ = {isa = PBXFileReference; fileEncoding = 4; lastKnownFileType = sourcecode.swift; path = AppleMusicLibrary.swift; sourceTree = "<group>"; };
		D13D0E0724451F2A0035A0B2 /* MusicFinder.swift */ = {isa = PBXFileReference; fileEncoding = 4; lastKnownFileType = sourcecode.swift; path = MusicFinder.swift; sourceTree = "<group>"; };
		D13D0E11244520390035A0B2 /* AuthKey_QH8XRCS4JS.p8 */ = {isa = PBXFileReference; fileEncoding = 4; lastKnownFileType = text; path = AuthKey_QH8XRCS4JS.p8; sourceTree = "<group>"; };
		D13D0E132445BB170035A0B2 /* AskingView.swift */ = {isa = PBXFileReference; lastKnownFileType = sourcecode.swift; path = AskingView.swift; sourceTree = "<group>"; };
		D14B1D70245201E600D90EAA /* HelpView.swift */ = {isa = PBXFileReference; lastKnownFileType = sourcecode.swift; path = HelpView.swift; sourceTree = "<group>"; };
		D14B1D732452BC3B00D90EAA /* MPVolumeViewRepresentable.swift */ = {isa = PBXFileReference; lastKnownFileType = sourcecode.swift; path = MPVolumeViewRepresentable.swift; sourceTree = "<group>"; };
		D14B1D762454948100D90EAA /* AskingViewHelp.swift */ = {isa = PBXFileReference; lastKnownFileType = sourcecode.swift; path = AskingViewHelp.swift; sourceTree = "<group>"; };
		D14B1D782454949D00D90EAA /* ConnectionViewHelp.swift */ = {isa = PBXFileReference; lastKnownFileType = sourcecode.swift; path = ConnectionViewHelp.swift; sourceTree = "<group>"; };
		D14B1D7A2454B50100D90EAA /* ConnectingView.swift */ = {isa = PBXFileReference; lastKnownFileType = sourcecode.swift; path = ConnectingView.swift; sourceTree = "<group>"; };
		D190905F244B06F600C57B0B /* TableView.swift */ = {isa = PBXFileReference; lastKnownFileType = sourcecode.swift; path = TableView.swift; sourceTree = "<group>"; };
		D1909061244B0F8300C57B0B /* SearchForSongView.swift */ = {isa = PBXFileReference; lastKnownFileType = sourcecode.swift; path = SearchForSongView.swift; sourceTree = "<group>"; };
		D1909063244B10F800C57B0B /* SearchBar.swift */ = {isa = PBXFileReference; lastKnownFileType = sourcecode.swift; path = SearchBar.swift; sourceTree = "<group>"; };
		D1909067244B8B2800C57B0B /* AppSettings.swift */ = {isa = PBXFileReference; lastKnownFileType = sourcecode.swift; path = AppSettings.swift; sourceTree = "<group>"; };
		D1909069244B8CB800C57B0B /* WeParty.entitlements */ = {isa = PBXFileReference; lastKnownFileType = text.plist.entitlements; path = WeParty.entitlements; sourceTree = "<group>"; };
		D190906A244B99FC00C57B0B /* Settings.swift */ = {isa = PBXFileReference; lastKnownFileType = sourcecode.swift; path = Settings.swift; sourceTree = "<group>"; };
		D1A8ED272455A9AD00FF3E77 /* NameInputView.swift */ = {isa = PBXFileReference; lastKnownFileType = sourcecode.swift; path = NameInputView.swift; sourceTree = "<group>"; };
		D1C251362455CBD7008F31D4 /* StartUpView.swift */ = {isa = PBXFileReference; lastKnownFileType = sourcecode.swift; path = StartUpView.swift; sourceTree = "<group>"; };
		D1C251382455E150008F31D4 /* IntroductionView.swift */ = {isa = PBXFileReference; lastKnownFileType = sourcecode.swift; path = IntroductionView.swift; sourceTree = "<group>"; };
		D1C2513A2455E4FF008F31D4 /* ExplainationView.swift */ = {isa = PBXFileReference; lastKnownFileType = sourcecode.swift; path = ExplainationView.swift; sourceTree = "<group>"; };
		D1C2513D2456F9E7008F31D4 /* RecievedSongsView.swift */ = {isa = PBXFileReference; lastKnownFileType = sourcecode.swift; path = RecievedSongsView.swift; sourceTree = "<group>"; };
		D1C2513F2456FA5C008F31D4 /* RecievedSongSheet.swift */ = {isa = PBXFileReference; lastKnownFileType = sourcecode.swift; path = RecievedSongSheet.swift; sourceTree = "<group>"; };
		D1ED4A59244F02D20090C7E8 /* de */ = {isa = PBXFileReference; lastKnownFileType = text.plist.strings; name = de; path = de.lproj/LaunchScreen.strings; sourceTree = "<group>"; };
		D1ED4A5B244F040B0090C7E8 /* de */ = {isa = PBXFileReference; lastKnownFileType = text.plist.strings; name = de; path = de.lproj/Localizable.strings; sourceTree = "<group>"; };
		D1ED4A5D244F04120090C7E8 /* en */ = {isa = PBXFileReference; lastKnownFileType = text.plist.strings; name = en; path = en.lproj/Localizable.strings; sourceTree = "<group>"; };
/* End PBXFileReference section */

/* Begin PBXFrameworksBuildPhase section */
		D13D0D7C2444CC630035A0B2 /* Frameworks */ = {
			isa = PBXFrameworksBuildPhase;
			buildActionMask = 2147483647;
			files = (
				D13D0E1024451F970035A0B2 /* SwiftJWT in Frameworks */,
			);
			runOnlyForDeploymentPostprocessing = 0;
		};
		D13D0D922444CC640035A0B2 /* Frameworks */ = {
			isa = PBXFrameworksBuildPhase;
			buildActionMask = 2147483647;
			files = (
			);
			runOnlyForDeploymentPostprocessing = 0;
		};
		D13D0D9D2444CC640035A0B2 /* Frameworks */ = {
			isa = PBXFrameworksBuildPhase;
			buildActionMask = 2147483647;
			files = (
			);
			runOnlyForDeploymentPostprocessing = 0;
		};
/* End PBXFrameworksBuildPhase section */

/* Begin PBXGroup section */
		D13D0D762444CC630035A0B2 = {
			isa = PBXGroup;
			children = (
				D1ED4A5C244F040B0090C7E8 /* Localizable.strings */,
				D13D0E11244520390035A0B2 /* AuthKey_QH8XRCS4JS.p8 */,
				D13D0D812444CC630035A0B2 /* WeParty */,
				D13D0D982444CC640035A0B2 /* WePartyTests */,
				D13D0DA32444CC640035A0B2 /* WePartyUITests */,
				D13D0D802444CC630035A0B2 /* Products */,
			);
			sourceTree = "<group>";
		};
		D13D0D802444CC630035A0B2 /* Products */ = {
			isa = PBXGroup;
			children = (
				D13D0D7F2444CC630035A0B2 /* WeParty.app */,
				D13D0D952444CC640035A0B2 /* WePartyTests.xctest */,
				D13D0DA02444CC640035A0B2 /* WePartyUITests.xctest */,
			);
			name = Products;
			sourceTree = "<group>";
		};
		D13D0D812444CC630035A0B2 /* WeParty */ = {
			isa = PBXGroup;
			children = (
				D1909069244B8CB800C57B0B /* WeParty.entitlements */,
				D13D0DBD2444CEC40035A0B2 /* Model */,
				D13D0DB62444CC9C0035A0B2 /* View */,
				D13D0D822444CC630035A0B2 /* AppDelegate.swift */,
				D13D0D842444CC630035A0B2 /* SceneDelegate.swift */,
				D13D0D882444CC640035A0B2 /* Assets.xcassets */,
				D13D0D8D2444CC640035A0B2 /* LaunchScreen.storyboard */,
				D13D0D902444CC640035A0B2 /* Info.plist */,
				D13D0D8A2444CC640035A0B2 /* Preview Content */,
			);
			path = WeParty;
			sourceTree = "<group>";
		};
		D13D0D8A2444CC640035A0B2 /* Preview Content */ = {
			isa = PBXGroup;
			children = (
				D13D0D8B2444CC640035A0B2 /* Preview Assets.xcassets */,
			);
			path = "Preview Content";
			sourceTree = "<group>";
		};
		D13D0D982444CC640035A0B2 /* WePartyTests */ = {
			isa = PBXGroup;
			children = (
				D13D0D992444CC640035A0B2 /* WePartyTests.swift */,
				D13D0D9B2444CC640035A0B2 /* Info.plist */,
			);
			path = WePartyTests;
			sourceTree = "<group>";
		};
		D13D0DA32444CC640035A0B2 /* WePartyUITests */ = {
			isa = PBXGroup;
			children = (
				D13D0DA42444CC640035A0B2 /* WePartyUITests.swift */,
				D13D0DA62444CC640035A0B2 /* Info.plist */,
			);
			path = WePartyUITests;
			sourceTree = "<group>";
		};
		D13D0DB62444CC9C0035A0B2 /* View */ = {
			isa = PBXGroup;
			children = (
				D1C2513C2456F97D008F31D4 /* HostAcceptSongs */,
				D1C251352455CBC2008F31D4 /* Startup */,
				D14B1D72245201ED00D90EAA /* Help */,
				D190906C244B9A4A00C57B0B /* Settings */,
				D13D0DEA24450E380035A0B2 /* NowPlayingView */,
				D13D0DDD24450CC00035A0B2 /* SendMusikView */,
				D13D0DDB244508060035A0B2 /* ConnectionView */,
				D13D0DB22444CC970035A0B2 /* LoadingScreen.swift */,
				D13D0D862444CC630035A0B2 /* ContentView.swift */,
			);
			path = View;
			sourceTree = "<group>";
		};
		D13D0DBD2444CEC40035A0B2 /* Model */ = {
			isa = PBXGroup;
			children = (
				D13D0E0524451F150035A0B2 /* MusicFinder */,
				D13D0DC62444DD890035A0B2 /* MPConnectivity */,
				D13D0DBE2444CED80035A0B2 /* WePartyState.swift */,
				D13D0DC22444D9640035A0B2 /* WePartyModel.swift */,
				D13D0DD32444DE7D0035A0B2 /* WePartyConnection.swift */,
				D13D0DD72444FEE10035A0B2 /* Song.swift */,
				D13D0E03244518440035A0B2 /* MusicPlayer.swift */,
				D1909067244B8B2800C57B0B /* AppSettings.swift */,
			);
			path = Model;
			sourceTree = "<group>";
		};
		D13D0DC62444DD890035A0B2 /* MPConnectivity */ = {
			isa = PBXGroup;
			children = (
				D13D0DC72444DD890035A0B2 /* MCHost.swift */,
				D13D0DC82444DD890035A0B2 /* MCConnection.swift */,
				D13D0DC92444DD890035A0B2 /* MCClient.swift */,
			);
			path = MPConnectivity;
			sourceTree = "<group>";
		};
		D13D0DDB244508060035A0B2 /* ConnectionView */ = {
			isa = PBXGroup;
			children = (
				D13D0DB92444CD0F0035A0B2 /* ConnectionView.swift */,
				D14B1D7A2454B50100D90EAA /* ConnectingView.swift */,
				D13D0E132445BB170035A0B2 /* AskingView.swift */,
			);
			path = ConnectionView;
			sourceTree = "<group>";
		};
		D13D0DDD24450CC00035A0B2 /* SendMusikView */ = {
			isa = PBXGroup;
			children = (
				D13D0DDE24450CC00035A0B2 /* InputSongView.swift */,
				D13D0DDF24450CC00035A0B2 /* SelectMusikView.swift */,
				D13D0DE024450CC00035A0B2 /* SendingView.swift */,
				D13D0DFF244513D70035A0B2 /* QueueView.swift */,
				D190905F244B06F600C57B0B /* TableView.swift */,
				D1909061244B0F8300C57B0B /* SearchForSongView.swift */,
				D1909063244B10F800C57B0B /* SearchBar.swift */,
			);
			path = SendMusikView;
			sourceTree = "<group>";
		};
		D13D0DEA24450E380035A0B2 /* NowPlayingView */ = {
			isa = PBXGroup;
			children = (
				D13D0DEB24450E380035A0B2 /* MusicControl.swift */,
				D13D0DEC24450E380035A0B2 /* SongImageView.swift */,
				D13D0DED24450E380035A0B2 /* DraggableSmallRepresentationView.swift */,
				D13D0DEE24450E380035A0B2 /* MusikSlider.swift */,
				D13D0DEF24450E380035A0B2 /* NowPlayingView.swift */,
				D14B1D732452BC3B00D90EAA /* MPVolumeViewRepresentable.swift */,
			);
			path = NowPlayingView;
			sourceTree = "<group>";
		};
		D13D0E0524451F150035A0B2 /* MusicFinder */ = {
			isa = PBXGroup;
			children = (
				D13D0E0624451F2A0035A0B2 /* AppleMusicLibrary.swift */,
				D13D0E0724451F2A0035A0B2 /* MusicFinder.swift */,
			);
			path = MusicFinder;
			sourceTree = "<group>";
		};
		D14B1D72245201ED00D90EAA /* Help */ = {
			isa = PBXGroup;
			children = (
				D14B1D752454946700D90EAA /* HelpViews */,
				D14B1D70245201E600D90EAA /* HelpView.swift */,
			);
			path = Help;
			sourceTree = "<group>";
		};
		D14B1D752454946700D90EAA /* HelpViews */ = {
			isa = PBXGroup;
			children = (
				D14B1D762454948100D90EAA /* AskingViewHelp.swift */,
				D14B1D782454949D00D90EAA /* ConnectionViewHelp.swift */,
			);
			path = HelpViews;
			sourceTree = "<group>";
		};
		D190906C244B9A4A00C57B0B /* Settings */ = {
			isa = PBXGroup;
			children = (
				D190906A244B99FC00C57B0B /* Settings.swift */,
				D1A8ED272455A9AD00FF3E77 /* NameInputView.swift */,
			);
			path = Settings;
			sourceTree = "<group>";
		};
		D1C251352455CBC2008F31D4 /* Startup */ = {
			isa = PBXGroup;
			children = (
				D1C251362455CBD7008F31D4 /* StartUpView.swift */,
				D1C251382455E150008F31D4 /* IntroductionView.swift */,
				D1C2513A2455E4FF008F31D4 /* ExplainationView.swift */,
			);
			path = Startup;
			sourceTree = "<group>";
		};
		D1C2513C2456F97D008F31D4 /* HostAcceptSongs */ = {
			isa = PBXGroup;
			children = (
				D1C2513D2456F9E7008F31D4 /* RecievedSongsView.swift */,
				D1C2513F2456FA5C008F31D4 /* RecievedSongSheet.swift */,
			);
			path = HostAcceptSongs;
			sourceTree = "<group>";
		};
/* End PBXGroup section */

/* Begin PBXNativeTarget section */
		D13D0D7E2444CC630035A0B2 /* WeParty */ = {
			isa = PBXNativeTarget;
			buildConfigurationList = D13D0DA92444CC640035A0B2 /* Build configuration list for PBXNativeTarget "WeParty" */;
			buildPhases = (
				D13D0D7B2444CC630035A0B2 /* Sources */,
				D13D0D7C2444CC630035A0B2 /* Frameworks */,
				D13D0D7D2444CC630035A0B2 /* Resources */,
			);
			buildRules = (
			);
			dependencies = (
			);
			name = WeParty;
			packageProductDependencies = (
				D13D0E0F24451F970035A0B2 /* SwiftJWT */,
			);
			productName = WeParty;
			productReference = D13D0D7F2444CC630035A0B2 /* WeParty.app */;
			productType = "com.apple.product-type.application";
		};
		D13D0D942444CC640035A0B2 /* WePartyTests */ = {
			isa = PBXNativeTarget;
			buildConfigurationList = D13D0DAC2444CC640035A0B2 /* Build configuration list for PBXNativeTarget "WePartyTests" */;
			buildPhases = (
				D13D0D912444CC640035A0B2 /* Sources */,
				D13D0D922444CC640035A0B2 /* Frameworks */,
				D13D0D932444CC640035A0B2 /* Resources */,
			);
			buildRules = (
			);
			dependencies = (
				D13D0D972444CC640035A0B2 /* PBXTargetDependency */,
			);
			name = WePartyTests;
			productName = WePartyTests;
			productReference = D13D0D952444CC640035A0B2 /* WePartyTests.xctest */;
			productType = "com.apple.product-type.bundle.unit-test";
		};
		D13D0D9F2444CC640035A0B2 /* WePartyUITests */ = {
			isa = PBXNativeTarget;
			buildConfigurationList = D13D0DAF2444CC640035A0B2 /* Build configuration list for PBXNativeTarget "WePartyUITests" */;
			buildPhases = (
				D13D0D9C2444CC640035A0B2 /* Sources */,
				D13D0D9D2444CC640035A0B2 /* Frameworks */,
				D13D0D9E2444CC640035A0B2 /* Resources */,
			);
			buildRules = (
			);
			dependencies = (
				D13D0DA22444CC640035A0B2 /* PBXTargetDependency */,
			);
			name = WePartyUITests;
			productName = WePartyUITests;
			productReference = D13D0DA02444CC640035A0B2 /* WePartyUITests.xctest */;
			productType = "com.apple.product-type.bundle.ui-testing";
		};
/* End PBXNativeTarget section */

/* Begin PBXProject section */
		D13D0D772444CC630035A0B2 /* Project object */ = {
			isa = PBXProject;
			attributes = {
				LastSwiftUpdateCheck = 1140;
				LastUpgradeCheck = 1140;
				ORGANIZATIONNAME = hannes.harnisch;
				TargetAttributes = {
					D13D0D7E2444CC630035A0B2 = {
						CreatedOnToolsVersion = 11.4;
					};
					D13D0D942444CC640035A0B2 = {
						CreatedOnToolsVersion = 11.4;
						TestTargetID = D13D0D7E2444CC630035A0B2;
					};
					D13D0D9F2444CC640035A0B2 = {
						CreatedOnToolsVersion = 11.4;
						TestTargetID = D13D0D7E2444CC630035A0B2;
					};
				};
			};
			buildConfigurationList = D13D0D7A2444CC630035A0B2 /* Build configuration list for PBXProject "WeParty" */;
			compatibilityVersion = "Xcode 9.3";
			developmentRegion = en;
			hasScannedForEncodings = 0;
			knownRegions = (
				en,
				Base,
				de,
			);
			mainGroup = D13D0D762444CC630035A0B2;
			packageReferences = (
				D13D0E0E24451F970035A0B2 /* XCRemoteSwiftPackageReference "Swift-JWT" */,
			);
			productRefGroup = D13D0D802444CC630035A0B2 /* Products */;
			projectDirPath = "";
			projectRoot = "";
			targets = (
				D13D0D7E2444CC630035A0B2 /* WeParty */,
				D13D0D942444CC640035A0B2 /* WePartyTests */,
				D13D0D9F2444CC640035A0B2 /* WePartyUITests */,
			);
		};
/* End PBXProject section */

/* Begin PBXResourcesBuildPhase section */
		D13D0D7D2444CC630035A0B2 /* Resources */ = {
			isa = PBXResourcesBuildPhase;
			buildActionMask = 2147483647;
			files = (
				D1ED4A5A244F040B0090C7E8 /* Localizable.strings in Resources */,
				D13D0D8F2444CC640035A0B2 /* LaunchScreen.storyboard in Resources */,
				D13D0D8C2444CC640035A0B2 /* Preview Assets.xcassets in Resources */,
				D13D0D892444CC640035A0B2 /* Assets.xcassets in Resources */,
				D13D0E12244520390035A0B2 /* AuthKey_QH8XRCS4JS.p8 in Resources */,
			);
			runOnlyForDeploymentPostprocessing = 0;
		};
		D13D0D932444CC640035A0B2 /* Resources */ = {
			isa = PBXResourcesBuildPhase;
			buildActionMask = 2147483647;
			files = (
			);
			runOnlyForDeploymentPostprocessing = 0;
		};
		D13D0D9E2444CC640035A0B2 /* Resources */ = {
			isa = PBXResourcesBuildPhase;
			buildActionMask = 2147483647;
			files = (
			);
			runOnlyForDeploymentPostprocessing = 0;
		};
/* End PBXResourcesBuildPhase section */

/* Begin PBXSourcesBuildPhase section */
		D13D0D7B2444CC630035A0B2 /* Sources */ = {
			isa = PBXSourcesBuildPhase;
			buildActionMask = 2147483647;
			files = (
				D13D0E04244518440035A0B2 /* MusicPlayer.swift in Sources */,
				D13D0DD82444FEE10035A0B2 /* Song.swift in Sources */,
				D13D0DE124450CC00035A0B2 /* InputSongView.swift in Sources */,
				D13D0DF324450E380035A0B2 /* SongImageView.swift in Sources */,
				D1C251372455CBD7008F31D4 /* StartUpView.swift in Sources */,
				D14B1D772454948100D90EAA /* AskingViewHelp.swift in Sources */,
				D13D0E0824451F2A0035A0B2 /* AppleMusicLibrary.swift in Sources */,
				D14B1D71245201E600D90EAA /* HelpView.swift in Sources */,
				D13D0E0B24451F2A0035A0B2 /* MusicFinder.swift in Sources */,
				D13D0E142445BB170035A0B2 /* AskingView.swift in Sources */,
				D1C251392455E150008F31D4 /* IntroductionView.swift in Sources */,
				D13D0DCD2444DD890035A0B2 /* MCConnection.swift in Sources */,
				D13D0DB32444CC970035A0B2 /* LoadingScreen.swift in Sources */,
				D13D0DE724450CC00035A0B2 /* SendingView.swift in Sources */,
				D1C2513E2456F9E7008F31D4 /* RecievedSongsView.swift in Sources */,
				D13D0DBA2444CD0F0035A0B2 /* ConnectionView.swift in Sources */,
				D13D0D832444CC630035A0B2 /* AppDelegate.swift in Sources */,
				D1909062244B0F8300C57B0B /* SearchForSongView.swift in Sources */,
				D1C251402456FA5C008F31D4 /* RecievedSongSheet.swift in Sources */,
				D13D0DF924450E380035A0B2 /* MusikSlider.swift in Sources */,
				D1C2513B2455E4FF008F31D4 /* ExplainationView.swift in Sources */,
				D14B1D7B2454B50100D90EAA /* ConnectingView.swift in Sources */,
				D13D0DC32444D9640035A0B2 /* WePartyModel.swift in Sources */,
				D13D0DF624450E380035A0B2 /* DraggableSmallRepresentationView.swift in Sources */,
				D13D0DD42444DE7D0035A0B2 /* WePartyConnection.swift in Sources */,
				D13D0DE424450CC00035A0B2 /* SelectMusikView.swift in Sources */,
				D13D0E00244513D70035A0B2 /* QueueView.swift in Sources */,
				D13D0D852444CC630035A0B2 /* SceneDelegate.swift in Sources */,
				D13D0DFC24450E380035A0B2 /* NowPlayingView.swift in Sources */,
				D14B1D742452BC3B00D90EAA /* MPVolumeViewRepresentable.swift in Sources */,
				D1909068244B8B2800C57B0B /* AppSettings.swift in Sources */,
				D1A8ED282455A9AD00FF3E77 /* NameInputView.swift in Sources */,
				D1909064244B10F800C57B0B /* SearchBar.swift in Sources */,
				D13D0DCA2444DD890035A0B2 /* MCHost.swift in Sources */,
				D190906B244B99FC00C57B0B /* Settings.swift in Sources */,
				D1909060244B06F600C57B0B /* TableView.swift in Sources */,
				D13D0DBF2444CED80035A0B2 /* WePartyState.swift in Sources */,
				D13D0DD02444DD890035A0B2 /* MCClient.swift in Sources */,
				D14B1D792454949D00D90EAA /* ConnectionViewHelp.swift in Sources */,
				D13D0D872444CC630035A0B2 /* ContentView.swift in Sources */,
				D13D0DF024450E380035A0B2 /* MusicControl.swift in Sources */,
			);
			runOnlyForDeploymentPostprocessing = 0;
		};
		D13D0D912444CC640035A0B2 /* Sources */ = {
			isa = PBXSourcesBuildPhase;
			buildActionMask = 2147483647;
			files = (
				D13D0DF724450E380035A0B2 /* DraggableSmallRepresentationView.swift in Sources */,
				D13D0DCB2444DD890035A0B2 /* MCHost.swift in Sources */,
				D13D0DF124450E380035A0B2 /* MusicControl.swift in Sources */,
				D13D0DE824450CC00035A0B2 /* SendingView.swift in Sources */,
				D13D0DF424450E380035A0B2 /* SongImageView.swift in Sources */,
				D13D0DB42444CC970035A0B2 /* LoadingScreen.swift in Sources */,
				D13D0DD12444DD890035A0B2 /* MCClient.swift in Sources */,
				D13D0D9A2444CC640035A0B2 /* WePartyTests.swift in Sources */,
				D13D0DBB2444CD0F0035A0B2 /* ConnectionView.swift in Sources */,
				D13D0DE524450CC00035A0B2 /* SelectMusikView.swift in Sources */,
				D13D0DD92444FEE10035A0B2 /* Song.swift in Sources */,
				D13D0E0C24451F2A0035A0B2 /* MusicFinder.swift in Sources */,
				D13D0DB72444CCA40035A0B2 /* ContentView.swift in Sources */,
				D13D0DD52444DE7D0035A0B2 /* WePartyConnection.swift in Sources */,
				D13D0DE224450CC00035A0B2 /* InputSongView.swift in Sources */,
				D13D0DFA24450E380035A0B2 /* MusikSlider.swift in Sources */,
				D13D0DCE2444DD890035A0B2 /* MCConnection.swift in Sources */,
				D13D0DC42444D9640035A0B2 /* WePartyModel.swift in Sources */,
				D13D0DFD24450E380035A0B2 /* NowPlayingView.swift in Sources */,
				D13D0E01244513D70035A0B2 /* QueueView.swift in Sources */,
				D13D0E0924451F2A0035A0B2 /* AppleMusicLibrary.swift in Sources */,
				D13D0DC02444CED80035A0B2 /* WePartyState.swift in Sources */,
			);
			runOnlyForDeploymentPostprocessing = 0;
		};
		D13D0D9C2444CC640035A0B2 /* Sources */ = {
			isa = PBXSourcesBuildPhase;
			buildActionMask = 2147483647;
			files = (
				D13D0DF824450E380035A0B2 /* DraggableSmallRepresentationView.swift in Sources */,
				D13D0DCC2444DD890035A0B2 /* MCHost.swift in Sources */,
				D13D0DF224450E380035A0B2 /* MusicControl.swift in Sources */,
				D13D0DE924450CC00035A0B2 /* SendingView.swift in Sources */,
				D13D0DF524450E380035A0B2 /* SongImageView.swift in Sources */,
				D13D0DB52444CC970035A0B2 /* LoadingScreen.swift in Sources */,
				D13D0DD22444DD890035A0B2 /* MCClient.swift in Sources */,
				D13D0DA52444CC640035A0B2 /* WePartyUITests.swift in Sources */,
				D13D0DBC2444CD0F0035A0B2 /* ConnectionView.swift in Sources */,
				D13D0DE624450CC00035A0B2 /* SelectMusikView.swift in Sources */,
				D13D0DDA2444FEE10035A0B2 /* Song.swift in Sources */,
				D13D0E0D24451F2A0035A0B2 /* MusicFinder.swift in Sources */,
				D13D0DB82444CCA40035A0B2 /* ContentView.swift in Sources */,
				D13D0DD62444DE7D0035A0B2 /* WePartyConnection.swift in Sources */,
				D13D0DE324450CC00035A0B2 /* InputSongView.swift in Sources */,
				D13D0DFB24450E380035A0B2 /* MusikSlider.swift in Sources */,
				D13D0DCF2444DD890035A0B2 /* MCConnection.swift in Sources */,
				D13D0DC52444D9640035A0B2 /* WePartyModel.swift in Sources */,
				D13D0DFE24450E380035A0B2 /* NowPlayingView.swift in Sources */,
				D13D0E02244513D70035A0B2 /* QueueView.swift in Sources */,
				D13D0E0A24451F2A0035A0B2 /* AppleMusicLibrary.swift in Sources */,
				D13D0DC12444CED80035A0B2 /* WePartyState.swift in Sources */,
			);
			runOnlyForDeploymentPostprocessing = 0;
		};
/* End PBXSourcesBuildPhase section */

/* Begin PBXTargetDependency section */
		D13D0D972444CC640035A0B2 /* PBXTargetDependency */ = {
			isa = PBXTargetDependency;
			target = D13D0D7E2444CC630035A0B2 /* WeParty */;
			targetProxy = D13D0D962444CC640035A0B2 /* PBXContainerItemProxy */;
		};
		D13D0DA22444CC640035A0B2 /* PBXTargetDependency */ = {
			isa = PBXTargetDependency;
			target = D13D0D7E2444CC630035A0B2 /* WeParty */;
			targetProxy = D13D0DA12444CC640035A0B2 /* PBXContainerItemProxy */;
		};
/* End PBXTargetDependency section */

/* Begin PBXVariantGroup section */
		D13D0D8D2444CC640035A0B2 /* LaunchScreen.storyboard */ = {
			isa = PBXVariantGroup;
			children = (
				D13D0D8E2444CC640035A0B2 /* Base */,
				D1ED4A59244F02D20090C7E8 /* de */,
			);
			name = LaunchScreen.storyboard;
			sourceTree = "<group>";
		};
		D1ED4A5C244F040B0090C7E8 /* Localizable.strings */ = {
			isa = PBXVariantGroup;
			children = (
				D1ED4A5B244F040B0090C7E8 /* de */,
				D1ED4A5D244F04120090C7E8 /* en */,
			);
			name = Localizable.strings;
			sourceTree = "<group>";
		};
/* End PBXVariantGroup section */

/* Begin XCBuildConfiguration section */
		D13D0DA72444CC640035A0B2 /* Debug */ = {
			isa = XCBuildConfiguration;
			buildSettings = {
				ALWAYS_SEARCH_USER_PATHS = NO;
				CLANG_ANALYZER_LOCALIZABILITY_NONLOCALIZED = YES;
				CLANG_ANALYZER_NONNULL = YES;
				CLANG_ANALYZER_NUMBER_OBJECT_CONVERSION = YES_AGGRESSIVE;
				CLANG_CXX_LANGUAGE_STANDARD = "gnu++14";
				CLANG_CXX_LIBRARY = "libc++";
				CLANG_ENABLE_MODULES = YES;
				CLANG_ENABLE_OBJC_ARC = YES;
				CLANG_ENABLE_OBJC_WEAK = YES;
				CLANG_WARN_BLOCK_CAPTURE_AUTORELEASING = YES;
				CLANG_WARN_BOOL_CONVERSION = YES;
				CLANG_WARN_COMMA = YES;
				CLANG_WARN_CONSTANT_CONVERSION = YES;
				CLANG_WARN_DEPRECATED_OBJC_IMPLEMENTATIONS = YES;
				CLANG_WARN_DIRECT_OBJC_ISA_USAGE = YES_ERROR;
				CLANG_WARN_DOCUMENTATION_COMMENTS = YES;
				CLANG_WARN_EMPTY_BODY = YES;
				CLANG_WARN_ENUM_CONVERSION = YES;
				CLANG_WARN_INFINITE_RECURSION = YES;
				CLANG_WARN_INT_CONVERSION = YES;
				CLANG_WARN_NON_LITERAL_NULL_CONVERSION = YES;
				CLANG_WARN_OBJC_IMPLICIT_RETAIN_SELF = YES;
				CLANG_WARN_OBJC_LITERAL_CONVERSION = YES;
				CLANG_WARN_OBJC_ROOT_CLASS = YES_ERROR;
				CLANG_WARN_RANGE_LOOP_ANALYSIS = YES;
				CLANG_WARN_STRICT_PROTOTYPES = YES;
				CLANG_WARN_SUSPICIOUS_MOVE = YES;
				CLANG_WARN_UNGUARDED_AVAILABILITY = YES_AGGRESSIVE;
				CLANG_WARN_UNREACHABLE_CODE = YES;
				CLANG_WARN__DUPLICATE_METHOD_MATCH = YES;
				COPY_PHASE_STRIP = NO;
				DEBUG_INFORMATION_FORMAT = dwarf;
				ENABLE_STRICT_OBJC_MSGSEND = YES;
				ENABLE_TESTABILITY = YES;
				GCC_C_LANGUAGE_STANDARD = gnu11;
				GCC_DYNAMIC_NO_PIC = NO;
				GCC_NO_COMMON_BLOCKS = YES;
				GCC_OPTIMIZATION_LEVEL = 0;
				GCC_PREPROCESSOR_DEFINITIONS = (
					"DEBUG=1",
					"$(inherited)",
				);
				GCC_WARN_64_TO_32_BIT_CONVERSION = YES;
				GCC_WARN_ABOUT_RETURN_TYPE = YES_ERROR;
				GCC_WARN_UNDECLARED_SELECTOR = YES;
				GCC_WARN_UNINITIALIZED_AUTOS = YES_AGGRESSIVE;
				GCC_WARN_UNUSED_FUNCTION = YES;
				GCC_WARN_UNUSED_VARIABLE = YES;
				IPHONEOS_DEPLOYMENT_TARGET = 13.4;
				MTL_ENABLE_DEBUG_INFO = INCLUDE_SOURCE;
				MTL_FAST_MATH = YES;
				ONLY_ACTIVE_ARCH = YES;
				SDKROOT = iphoneos;
				SWIFT_ACTIVE_COMPILATION_CONDITIONS = DEBUG;
				SWIFT_OPTIMIZATION_LEVEL = "-Onone";
			};
			name = Debug;
		};
		D13D0DA82444CC640035A0B2 /* Release */ = {
			isa = XCBuildConfiguration;
			buildSettings = {
				ALWAYS_SEARCH_USER_PATHS = NO;
				CLANG_ANALYZER_LOCALIZABILITY_NONLOCALIZED = YES;
				CLANG_ANALYZER_NONNULL = YES;
				CLANG_ANALYZER_NUMBER_OBJECT_CONVERSION = YES_AGGRESSIVE;
				CLANG_CXX_LANGUAGE_STANDARD = "gnu++14";
				CLANG_CXX_LIBRARY = "libc++";
				CLANG_ENABLE_MODULES = YES;
				CLANG_ENABLE_OBJC_ARC = YES;
				CLANG_ENABLE_OBJC_WEAK = YES;
				CLANG_WARN_BLOCK_CAPTURE_AUTORELEASING = YES;
				CLANG_WARN_BOOL_CONVERSION = YES;
				CLANG_WARN_COMMA = YES;
				CLANG_WARN_CONSTANT_CONVERSION = YES;
				CLANG_WARN_DEPRECATED_OBJC_IMPLEMENTATIONS = YES;
				CLANG_WARN_DIRECT_OBJC_ISA_USAGE = YES_ERROR;
				CLANG_WARN_DOCUMENTATION_COMMENTS = YES;
				CLANG_WARN_EMPTY_BODY = YES;
				CLANG_WARN_ENUM_CONVERSION = YES;
				CLANG_WARN_INFINITE_RECURSION = YES;
				CLANG_WARN_INT_CONVERSION = YES;
				CLANG_WARN_NON_LITERAL_NULL_CONVERSION = YES;
				CLANG_WARN_OBJC_IMPLICIT_RETAIN_SELF = YES;
				CLANG_WARN_OBJC_LITERAL_CONVERSION = YES;
				CLANG_WARN_OBJC_ROOT_CLASS = YES_ERROR;
				CLANG_WARN_RANGE_LOOP_ANALYSIS = YES;
				CLANG_WARN_STRICT_PROTOTYPES = YES;
				CLANG_WARN_SUSPICIOUS_MOVE = YES;
				CLANG_WARN_UNGUARDED_AVAILABILITY = YES_AGGRESSIVE;
				CLANG_WARN_UNREACHABLE_CODE = YES;
				CLANG_WARN__DUPLICATE_METHOD_MATCH = YES;
				COPY_PHASE_STRIP = NO;
				DEBUG_INFORMATION_FORMAT = "dwarf-with-dsym";
				ENABLE_NS_ASSERTIONS = NO;
				ENABLE_STRICT_OBJC_MSGSEND = YES;
				GCC_C_LANGUAGE_STANDARD = gnu11;
				GCC_NO_COMMON_BLOCKS = YES;
				GCC_WARN_64_TO_32_BIT_CONVERSION = YES;
				GCC_WARN_ABOUT_RETURN_TYPE = YES_ERROR;
				GCC_WARN_UNDECLARED_SELECTOR = YES;
				GCC_WARN_UNINITIALIZED_AUTOS = YES_AGGRESSIVE;
				GCC_WARN_UNUSED_FUNCTION = YES;
				GCC_WARN_UNUSED_VARIABLE = YES;
				IPHONEOS_DEPLOYMENT_TARGET = 13.4;
				MTL_ENABLE_DEBUG_INFO = NO;
				MTL_FAST_MATH = YES;
				SDKROOT = iphoneos;
				SWIFT_COMPILATION_MODE = wholemodule;
				SWIFT_OPTIMIZATION_LEVEL = "-O";
				VALIDATE_PRODUCT = YES;
			};
			name = Release;
		};
		D13D0DAA2444CC640035A0B2 /* Debug */ = {
			isa = XCBuildConfiguration;
			buildSettings = {
				ASSETCATALOG_COMPILER_APPICON_NAME = AppIcon;
				CODE_SIGN_ENTITLEMENTS = WeParty/WeParty.entitlements;
				CODE_SIGN_STYLE = Automatic;
				DEVELOPMENT_ASSET_PATHS = "\"WeParty/Preview Content\"";
				DEVELOPMENT_TEAM = AVT8X3595T;
				ENABLE_PREVIEWS = YES;
				INFOPLIST_FILE = WeParty/Info.plist;
				IPHONEOS_DEPLOYMENT_TARGET = 13.2;
				LD_RUNPATH_SEARCH_PATHS = (
					"$(inherited)",
					"@executable_path/Frameworks",
				);
				PRODUCT_BUNDLE_IDENTIFIER = hannes.harnisch.WeParty;
				PRODUCT_NAME = "$(TARGET_NAME)";
				SWIFT_VERSION = 5.0;
				TARGETED_DEVICE_FAMILY = "1,2";
			};
			name = Debug;
		};
		D13D0DAB2444CC640035A0B2 /* Release */ = {
			isa = XCBuildConfiguration;
			buildSettings = {
				ASSETCATALOG_COMPILER_APPICON_NAME = AppIcon;
				CODE_SIGN_ENTITLEMENTS = WeParty/WeParty.entitlements;
				CODE_SIGN_STYLE = Automatic;
				DEVELOPMENT_ASSET_PATHS = "\"WeParty/Preview Content\"";
				DEVELOPMENT_TEAM = AVT8X3595T;
				ENABLE_PREVIEWS = YES;
				INFOPLIST_FILE = WeParty/Info.plist;
				IPHONEOS_DEPLOYMENT_TARGET = 13.2;
				LD_RUNPATH_SEARCH_PATHS = (
					"$(inherited)",
					"@executable_path/Frameworks",
				);
				PRODUCT_BUNDLE_IDENTIFIER = hannes.harnisch.WeParty;
				PRODUCT_NAME = "$(TARGET_NAME)";
				SWIFT_VERSION = 5.0;
				TARGETED_DEVICE_FAMILY = "1,2";
			};
			name = Release;
		};
		D13D0DAD2444CC640035A0B2 /* Debug */ = {
			isa = XCBuildConfiguration;
			buildSettings = {
				ALWAYS_EMBED_SWIFT_STANDARD_LIBRARIES = YES;
				BUNDLE_LOADER = "$(TEST_HOST)";
				CODE_SIGN_STYLE = Automatic;
				DEVELOPMENT_TEAM = AVT8X3595T;
				INFOPLIST_FILE = WePartyTests/Info.plist;
				IPHONEOS_DEPLOYMENT_TARGET = 13.4;
				LD_RUNPATH_SEARCH_PATHS = (
					"$(inherited)",
					"@executable_path/Frameworks",
					"@loader_path/Frameworks",
				);
				PRODUCT_BUNDLE_IDENTIFIER = hannes.harnisch.WePartyTests;
				PRODUCT_NAME = "$(TARGET_NAME)";
				SWIFT_VERSION = 5.0;
				TARGETED_DEVICE_FAMILY = "1,2";
				TEST_HOST = "$(BUILT_PRODUCTS_DIR)/WeParty.app/WeParty";
			};
			name = Debug;
		};
		D13D0DAE2444CC640035A0B2 /* Release */ = {
			isa = XCBuildConfiguration;
			buildSettings = {
				ALWAYS_EMBED_SWIFT_STANDARD_LIBRARIES = YES;
				BUNDLE_LOADER = "$(TEST_HOST)";
				CODE_SIGN_STYLE = Automatic;
				DEVELOPMENT_TEAM = AVT8X3595T;
				INFOPLIST_FILE = WePartyTests/Info.plist;
				IPHONEOS_DEPLOYMENT_TARGET = 13.4;
				LD_RUNPATH_SEARCH_PATHS = (
					"$(inherited)",
					"@executable_path/Frameworks",
					"@loader_path/Frameworks",
				);
				PRODUCT_BUNDLE_IDENTIFIER = hannes.harnisch.WePartyTests;
				PRODUCT_NAME = "$(TARGET_NAME)";
				SWIFT_VERSION = 5.0;
				TARGETED_DEVICE_FAMILY = "1,2";
				TEST_HOST = "$(BUILT_PRODUCTS_DIR)/WeParty.app/WeParty";
			};
			name = Release;
		};
		D13D0DB02444CC640035A0B2 /* Debug */ = {
			isa = XCBuildConfiguration;
			buildSettings = {
				ALWAYS_EMBED_SWIFT_STANDARD_LIBRARIES = YES;
				CODE_SIGN_STYLE = Automatic;
				DEVELOPMENT_TEAM = AVT8X3595T;
				INFOPLIST_FILE = WePartyUITests/Info.plist;
				LD_RUNPATH_SEARCH_PATHS = (
					"$(inherited)",
					"@executable_path/Frameworks",
					"@loader_path/Frameworks",
				);
				PRODUCT_BUNDLE_IDENTIFIER = hannes.harnisch.WePartyUITests;
				PRODUCT_NAME = "$(TARGET_NAME)";
				SWIFT_VERSION = 5.0;
				TARGETED_DEVICE_FAMILY = "1,2";
				TEST_TARGET_NAME = WeParty;
			};
			name = Debug;
		};
		D13D0DB12444CC640035A0B2 /* Release */ = {
			isa = XCBuildConfiguration;
			buildSettings = {
				ALWAYS_EMBED_SWIFT_STANDARD_LIBRARIES = YES;
				CODE_SIGN_STYLE = Automatic;
				DEVELOPMENT_TEAM = AVT8X3595T;
				INFOPLIST_FILE = WePartyUITests/Info.plist;
				LD_RUNPATH_SEARCH_PATHS = (
					"$(inherited)",
					"@executable_path/Frameworks",
					"@loader_path/Frameworks",
				);
				PRODUCT_BUNDLE_IDENTIFIER = hannes.harnisch.WePartyUITests;
				PRODUCT_NAME = "$(TARGET_NAME)";
				SWIFT_VERSION = 5.0;
				TARGETED_DEVICE_FAMILY = "1,2";
				TEST_TARGET_NAME = WeParty;
			};
			name = Release;
		};
/* End XCBuildConfiguration section */

/* Begin XCConfigurationList section */
		D13D0D7A2444CC630035A0B2 /* Build configuration list for PBXProject "WeParty" */ = {
			isa = XCConfigurationList;
			buildConfigurations = (
				D13D0DA72444CC640035A0B2 /* Debug */,
				D13D0DA82444CC640035A0B2 /* Release */,
			);
			defaultConfigurationIsVisible = 0;
			defaultConfigurationName = Release;
		};
		D13D0DA92444CC640035A0B2 /* Build configuration list for PBXNativeTarget "WeParty" */ = {
			isa = XCConfigurationList;
			buildConfigurations = (
				D13D0DAA2444CC640035A0B2 /* Debug */,
				D13D0DAB2444CC640035A0B2 /* Release */,
			);
			defaultConfigurationIsVisible = 0;
			defaultConfigurationName = Release;
		};
		D13D0DAC2444CC640035A0B2 /* Build configuration list for PBXNativeTarget "WePartyTests" */ = {
			isa = XCConfigurationList;
			buildConfigurations = (
				D13D0DAD2444CC640035A0B2 /* Debug */,
				D13D0DAE2444CC640035A0B2 /* Release */,
			);
			defaultConfigurationIsVisible = 0;
			defaultConfigurationName = Release;
		};
		D13D0DAF2444CC640035A0B2 /* Build configuration list for PBXNativeTarget "WePartyUITests" */ = {
			isa = XCConfigurationList;
			buildConfigurations = (
				D13D0DB02444CC640035A0B2 /* Debug */,
				D13D0DB12444CC640035A0B2 /* Release */,
			);
			defaultConfigurationIsVisible = 0;
			defaultConfigurationName = Release;
		};
/* End XCConfigurationList section */

/* Begin XCRemoteSwiftPackageReference section */
		D13D0E0E24451F970035A0B2 /* XCRemoteSwiftPackageReference "Swift-JWT" */ = {
			isa = XCRemoteSwiftPackageReference;
			repositoryURL = "https://github.com/IBM-Swift/Swift-JWT.git";
			requirement = {
				kind = upToNextMajorVersion;
				minimumVersion = 3.6.1;
			};
		};
/* End XCRemoteSwiftPackageReference section */

/* Begin XCSwiftPackageProductDependency section */
		D13D0E0F24451F970035A0B2 /* SwiftJWT */ = {
			isa = XCSwiftPackageProductDependency;
			package = D13D0E0E24451F970035A0B2 /* XCRemoteSwiftPackageReference "Swift-JWT" */;
			productName = SwiftJWT;
		};
/* End XCSwiftPackageProductDependency section */
	};
	rootObject = D13D0D772444CC630035A0B2 /* Project object */;
}
